// !$*UTF8*$!
{
	archiveVersion = 1;
	classes = {
	};
	objectVersion = 46;
	objects = {

/* Begin PBXBuildFile section */
		8C495B591F1E9DD8002C1082 /* AppDelegate.swift in Sources */ = {isa = PBXBuildFile; fileRef = 8C495B581F1E9DD8002C1082 /* AppDelegate.swift */; };
		8C495B5B1F1E9DD8002C1082 /* RecordSoundsViewController.swift in Sources */ = {isa = PBXBuildFile; fileRef = 8C495B5A1F1E9DD8002C1082 /* RecordSoundsViewController.swift */; };
		8C495B5E1F1E9DD8002C1082 /* Main.storyboard in Resources */ = {isa = PBXBuildFile; fileRef = 8C495B5C1F1E9DD8002C1082 /* Main.storyboard */; };
		8C495B601F1E9DD8002C1082 /* Assets.xcassets in Resources */ = {isa = PBXBuildFile; fileRef = 8C495B5F1F1E9DD8002C1082 /* Assets.xcassets */; };
		8C495B631F1E9DD8002C1082 /* LaunchScreen.storyboard in Resources */ = {isa = PBXBuildFile; fileRef = 8C495B611F1E9DD8002C1082 /* LaunchScreen.storyboard */; };
		8CD567C41F5DFB56000CD475 /* Carro.swift in Sources */ = {isa = PBXBuildFile; fileRef = 8CD567C31F5DFB56000CD475 /* Carro.swift */; };
		8CD567C61F696851000CD475 /* PlaySoundsViewController.swift in Sources */ = {isa = PBXBuildFile; fileRef = 8CD567C51F696851000CD475 /* PlaySoundsViewController.swift */; };
/* End PBXBuildFile section */

/* Begin PBXFileReference section */
		8C495B551F1E9DD8002C1082 /* PitchPerfectThiago.app */ = {isa = PBXFileReference; explicitFileType = wrapper.application; includeInIndex = 0; path = PitchPerfectThiago.app; sourceTree = BUILT_PRODUCTS_DIR; };
		8C495B581F1E9DD8002C1082 /* AppDelegate.swift */ = {isa = PBXFileReference; lastKnownFileType = sourcecode.swift; path = AppDelegate.swift; sourceTree = "<group>"; };
		8C495B5A1F1E9DD8002C1082 /* RecordSoundsViewController.swift */ = {isa = PBXFileReference; lastKnownFileType = sourcecode.swift; path = RecordSoundsViewController.swift; sourceTree = "<group>"; };
		8C495B5D1F1E9DD8002C1082 /* Base */ = {isa = PBXFileReference; lastKnownFileType = file.storyboard; name = Base; path = Base.lproj/Main.storyboard; sourceTree = "<group>"; };
		8C495B5F1F1E9DD8002C1082 /* Assets.xcassets */ = {isa = PBXFileReference; lastKnownFileType = folder.assetcatalog; path = Assets.xcassets; sourceTree = "<group>"; };
		8C495B621F1E9DD8002C1082 /* Base */ = {isa = PBXFileReference; lastKnownFileType = file.storyboard; name = Base; path = Base.lproj/LaunchScreen.storyboard; sourceTree = "<group>"; };
		8C495B641F1E9DD8002C1082 /* Info.plist */ = {isa = PBXFileReference; lastKnownFileType = text.plist.xml; path = Info.plist; sourceTree = "<group>"; };
		8CD567C31F5DFB56000CD475 /* Carro.swift */ = {isa = PBXFileReference; fileEncoding = 4; lastKnownFileType = sourcecode.swift; path = Carro.swift; sourceTree = "<group>"; };
		8CD567C51F696851000CD475 /* PlaySoundsViewController.swift */ = {isa = PBXFileReference; fileEncoding = 4; lastKnownFileType = sourcecode.swift; path = PlaySoundsViewController.swift; sourceTree = "<group>"; };
/* End PBXFileReference section */

/* Begin PBXFrameworksBuildPhase section */
		8C495B521F1E9DD8002C1082 /* Frameworks */ = {
			isa = PBXFrameworksBuildPhase;
			buildActionMask = 2147483647;
			files = (
			);
			runOnlyForDeploymentPostprocessing = 0;
		};
/* End PBXFrameworksBuildPhase section */

/* Begin PBXGroup section */
		8C495B4C1F1E9DD8002C1082 = {
			isa = PBXGroup;
			children = (
				8C495B571F1E9DD8002C1082 /* PitchPerfectThiago */,
				8C495B561F1E9DD8002C1082 /* Products */,
			);
			sourceTree = "<group>";
		};
		8C495B561F1E9DD8002C1082 /* Products */ = {
			isa = PBXGroup;
			children = (
				8C495B551F1E9DD8002C1082 /* PitchPerfectThiago.app */,
			);
			name = Products;
			sourceTree = "<group>";
		};
		8C495B571F1E9DD8002C1082 /* PitchPerfectThiago */ = {
			isa = PBXGroup;
			children = (
				8C495B581F1E9DD8002C1082 /* AppDelegate.swift */,
				8C495B5A1F1E9DD8002C1082 /* RecordSoundsViewController.swift */,
				8CD567C51F696851000CD475 /* PlaySoundsViewController.swift */,
				8C495B5C1F1E9DD8002C1082 /* Main.storyboard */,
				8C495B5F1F1E9DD8002C1082 /* Assets.xcassets */,
				8C495B611F1E9DD8002C1082 /* LaunchScreen.storyboard */,
				8C495B641F1E9DD8002C1082 /* Info.plist */,
				8CD567C31F5DFB56000CD475 /* Carro.swift */,
			);
			path = PitchPerfectThiago;
			sourceTree = "<group>";
		};
/* End PBXGroup section */

/* Begin PBXNativeTarget section */
		8C495B541F1E9DD8002C1082 /* PitchPerfectThiago */ = {
			isa = PBXNativeTarget;
			buildConfigurationList = 8C495B671F1E9DD8002C1082 /* Build configuration list for PBXNativeTarget "PitchPerfectThiago" */;
			buildPhases = (
				8C495B511F1E9DD8002C1082 /* Sources */,
				8C495B521F1E9DD8002C1082 /* Frameworks */,
				8C495B531F1E9DD8002C1082 /* Resources */,
			);
			buildRules = (
			);
			dependencies = (
			);
			name = PitchPerfectThiago;
			productName = PitchPerfectThiago;
			productReference = 8C495B551F1E9DD8002C1082 /* PitchPerfectThiago.app */;
			productType = "com.apple.product-type.application";
		};
/* End PBXNativeTarget section */

/* Begin PBXProject section */
		8C495B4D1F1E9DD8002C1082 /* Project object */ = {
			isa = PBXProject;
			attributes = {
				LastSwiftUpdateCheck = 0830;
				LastUpgradeCheck = 0830;
				ORGANIZATIONNAME = ThiagoSaraiva;
				TargetAttributes = {
					8C495B541F1E9DD8002C1082 = {
						CreatedOnToolsVersion = 8.3.2;
						ProvisioningStyle = Automatic;
					};
				};
			};
			buildConfigurationList = 8C495B501F1E9DD8002C1082 /* Build configuration list for PBXProject "PitchPerfectThiago" */;
			compatibilityVersion = "Xcode 3.2";
			developmentRegion = English;
			hasScannedForEncodings = 0;
			knownRegions = (
				en,
				Base,
			);
			mainGroup = 8C495B4C1F1E9DD8002C1082;
			productRefGroup = 8C495B561F1E9DD8002C1082 /* Products */;
			projectDirPath = "";
			projectRoot = "";
			targets = (
				8C495B541F1E9DD8002C1082 /* PitchPerfectThiago */,
			);
		};
/* End PBXProject section */

/* Begin PBXResourcesBuildPhase section */
		8C495B531F1E9DD8002C1082 /* Resources */ = {
			isa = PBXResourcesBuildPhase;
			buildActionMask = 2147483647;
			files = (
				8C495B631F1E9DD8002C1082 /* LaunchScreen.storyboard in Resources */,
				8C495B601F1E9DD8002C1082 /* Assets.xcassets in Resources */,
				8C495B5E1F1E9DD8002C1082 /* Main.storyboard in Resources */,
			);
			runOnlyForDeploymentPostprocessing = 0;
		};
/* End PBXResourcesBuildPhase section */

/* Begin PBXSourcesBuildPhase section */
		8C495B511F1E9DD8002C1082 /* Sources */ = {
			isa = PBXSourcesBuildPhase;
			buildActionMask = 2147483647;
			files = (
				8C495B5B1F1E9DD8002C1082 /* RecordSoundsViewController.swift in Sources */,
				8CD567C41F5DFB56000CD475 /* Carro.swift in Sources */,
				8CD567C61F696851000CD475 /* PlaySoundsViewController.swift in Sources */,
				8C495B591F1E9DD8002C1082 /* AppDelegate.swift in Sources */,
			);
			runOnlyForDeploymentPostprocessing = 0;
		};
/* End PBXSourcesBuildPhase section */

/* Begin PBXVariantGroup section */
		8C495B5C1F1E9DD8002C1082 /* Main.storyboard */ = {
			isa = PBXVariantGroup;
			children = (
				8C495B5D1F1E9DD8002C1082 /* Base */,
			);
			name = Main.storyboard;
			sourceTree = "<group>";
		};
		8C495B611F1E9DD8002C1082 /* LaunchScreen.storyboard */ = {
			isa = PBXVariantGroup;
			children = (
				8C495B621F1E9DD8002C1082 /* Base */,
			);
			name = LaunchScreen.storyboard;
			sourceTree = "<group>";
		};
/* End PBXVariantGroup section */

/* Begin XCBuildConfiguration section */
		8C495B651F1E9DD8002C1082 /* Debug */ = {
			isa = XCBuildConfiguration;
			buildSettings = {
				ALWAYS_SEARCH_USER_PATHS = NO;
				CLANG_ANALYZER_NONNULL = YES;
				CLANG_ANALYZER_NUMBER_OBJECT_CONVERSION = YES_AGGRESSIVE;
				CLANG_CXX_LANGUAGE_STANDARD = "gnu++0x";
				CLANG_CXX_LIBRARY = "libc++";
				CLANG_ENABLE_MODULES = YES;
				CLANG_ENABLE_OBJC_ARC = YES;
				CLANG_WARN_BOOL_CONVERSION = YES;
				CLANG_WARN_CONSTANT_CONVERSION = YES;
				CLANG_WARN_DIRECT_OBJC_ISA_USAGE = YES_ERROR;
				CLANG_WARN_DOCUMENTATION_COMMENTS = YES;
				CLANG_WARN_EMPTY_BODY = YES;
				CLANG_WARN_ENUM_CONVERSION = YES;
				CLANG_WARN_INFINITE_RECURSION = YES;
				CLANG_WARN_INT_CONVERSION = YES;
				CLANG_WARN_OBJC_ROOT_CLASS = YES_ERROR;
				CLANG_WARN_SUSPICIOUS_MOVE = YES;
				CLANG_WARN_UNREACHABLE_CODE = YES;
				CLANG_WARN__DUPLICATE_METHOD_MATCH = YES;
				"CODE_SIGN_IDENTITY[sdk=iphoneos*]" = "iPhone Developer";
				COPY_PHASE_STRIP = NO;
				DEBUG_INFORMATION_FORMAT = dwarf;
				ENABLE_STRICT_OBJC_MSGSEND = YES;
				ENABLE_TESTABILITY = YES;
				GCC_C_LANGUAGE_STANDARD = gnu99;
				GCC_DYNAMIC_NO_PIC = NO;
				GCC_NO_COMMON_BLOCKS = YES;
				GCC_OPTIMIZATION_LEVEL = 0;
				GCC_PREPROCESSOR_DEFINITIONS = (
					"DEBUG=1",
					"$(inherited)",
				);
				GCC_WARN_64_TO_32_BIT_CONVERSION = YES;
				GCC_WARN_ABOUT_RETURN_TYPE = YES_ERROR;
				GCC_WARN_UNDECLARED_SELECTOR = YES;
				GCC_WARN_UNINITIALIZED_AUTOS = YES_AGGRESSIVE;
				GCC_WARN_UNUSED_FUNCTION = YES;
				GCC_WARN_UNUSED_VARIABLE = YES;
				IPHONEOS_DEPLOYMENT_TARGET = 10.3;
				MTL_ENABLE_DEBUG_INFO = YES;
				ONLY_ACTIVE_ARCH = YES;
				SDKROOT = iphoneos;
				SWIFT_ACTIVE_COMPILATION_CONDITIONS = DEBUG;
				SWIFT_OPTIMIZATION_LEVEL = "-Onone";
				TARGETED_DEVICE_FAMILY = "1,2";
			};
			name = Debug;
		};
		8C495B661F1E9DD8002C1082 /* Release */ = {
			isa = XCBuildConfiguration;
			buildSettings = {
				ALWAYS_SEARCH_USER_PATHS = NO;
				CLANG_ANALYZER_NONNULL = YES;
				CLANG_ANALYZER_NUMBER_OBJECT_CONVERSION = YES_AGGRESSIVE;
				CLANG_CXX_LANGUAGE_STANDARD = "gnu++0x";
				CLANG_CXX_LIBRARY = "libc++";
				CLANG_ENABLE_MODULES = YES;
				CLANG_ENABLE_OBJC_ARC = YES;
				CLANG_WARN_BOOL_CONVERSION = YES;
				CLANG_WARN_CONSTANT_CONVERSION = YES;
				CLANG_WARN_DIRECT_OBJC_ISA_USAGE = YES_ERROR;
				CLANG_WARN_DOCUMENTATION_COMMENTS = YES;
				CLANG_WARN_EMPTY_BODY = YES;
				CLANG_WARN_ENUM_CONVERSION = YES;
				CLANG_WARN_INFINITE_RECURSION = YES;
				CLANG_WARN_INT_CONVERSION = YES;
				CLANG_WARN_OBJC_ROOT_CLASS = YES_ERROR;
				CLANG_WARN_SUSPICIOUS_MOVE = YES;
				CLANG_WARN_UNREACHABLE_CODE = YES;
				CLANG_WARN__DUPLICATE_METHOD_MATCH = YES;
				"CODE_SIGN_IDENTITY[sdk=iphoneos*]" = "iPhone Developer";
				COPY_PHASE_STRIP = NO;
				DEBUG_INFORMATION_FORMAT = "dwarf-with-dsym";
				ENABLE_NS_ASSERTIONS = NO;
				ENABLE_STRICT_OBJC_MSGSEND = YES;
				GCC_C_LANGUAGE_STANDARD = gnu99;
				GCC_NO_COMMON_BLOCKS = YES;
				GCC_WARN_64_TO_32_BIT_CONVERSION = YES;
				GCC_WARN_ABOUT_RETURN_TYPE = YES_ERROR;
				GCC_WARN_UNDECLARED_SELECTOR = YES;
				GCC_WARN_UNINITIALIZED_AUTOS = YES_AGGRESSIVE;
				GCC_WARN_UNUSED_FUNCTION = YES;
				GCC_WARN_UNUSED_VARIABLE = YES;
				IPHONEOS_DEPLOYMENT_TARGET = 10.3;
				MTL_ENABLE_DEBUG_INFO = NO;
				SDKROOT = iphoneos;
				SWIFT_OPTIMIZATION_LEVEL = "-Owholemodule";
				TARGETED_DEVICE_FAMILY = "1,2";
				VALIDATE_PRODUCT = YES;
			};
			name = Release;
		};
		8C495B681F1E9DD8002C1082 /* Debug */ = {
			isa = XCBuildConfiguration;
			buildSettings = {
				ASSETCATALOG_COMPILER_APPICON_NAME = AppIcon;
				INFOPLIST_FILE = PitchPerfectThiago/Info.plist;
				LD_RUNPATH_SEARCH_PATHS = "$(inherited) @executable_path/Frameworks";
				PRODUCT_BUNDLE_IDENTIFIER = com.example.thiago.saraiva.PitchPerfectThiago;
				PRODUCT_NAME = "$(TARGET_NAME)";
				SWIFT_VERSION = 3.0;
			};
			name = Debug;
		};
		8C495B691F1E9DD8002C1082 /* Release */ = {
			isa = XCBuildConfiguration;
			buildSettings = {
				ASSETCATALOG_COMPILER_APPICON_NAME = AppIcon;
				INFOPLIST_FILE = PitchPerfectThiago/Info.plist;
				LD_RUNPATH_SEARCH_PATHS = "$(inherited) @executable_path/Frameworks";
				PRODUCT_BUNDLE_IDENTIFIER = com.example.thiago.saraiva.PitchPerfectThiago;
				PRODUCT_NAME = "$(TARGET_NAME)";
				SWIFT_VERSION = 3.0;
			};
			name = Release;
		};
/* End XCBuildConfiguration section */

/* Begin XCConfigurationList section */
		8C495B501F1E9DD8002C1082 /* Build configuration list for PBXProject "PitchPerfectThiago" */ = {
			isa = XCConfigurationList;
			buildConfigurations = (
				8C495B651F1E9DD8002C1082 /* Debug */,
				8C495B661F1E9DD8002C1082 /* Release */,
			);
			defaultConfigurationIsVisible = 0;
			defaultConfigurationName = Release;
		};
		8C495B671F1E9DD8002C1082 /* Build configuration list for PBXNativeTarget "PitchPerfectThiago" */ = {
			isa = XCConfigurationList;
			buildConfigurations = (
				8C495B681F1E9DD8002C1082 /* Debug */,
				8C495B691F1E9DD8002C1082 /* Release */,
			);
			defaultConfigurationIsVisible = 0;
			defaultConfigurationName = Release;
		};
/* End XCConfigurationList section */
	};
	rootObject = 8C495B4D1F1E9DD8002C1082 /* Project object */;
}
